Microsoft Visual Studio Solution File, Format Version 12.00
# Visual Studio Version 17
VisualStudioVersion = 17.5.2.0
MinimumVisualStudioVersion = 10.0.40219.1
Project("{FAE04EC0-301F-11D3-BF4B-00C04F79EFBC}") = "DungeonSchu", "DungeonSchu.csproj", "{951A107B-C497-35F2-5017-FCCEF9C1B352}"
EndProject
Global
	GlobalSection(SolutionConfigurationPlatforms) = preSolution
		Debug|Any CPU = Debug|Any CPU
		Release|Any CPU = Release|Any CPU
	EndGlobalSection
	GlobalSection(ProjectConfigurationPlatforms) = postSolution
		{951A107B-C497-35F2-5017-FCCEF9C1B352}.Debug|Any CPU.ActiveCfg = Debug|Any CPU
		{951A107B-C497-35F2-5017-FCCEF9C1B352}.Debug|Any CPU.Build.0 = Debug|Any CPU
		{951A107B-C497-35F2-5017-FCCEF9C1B352}.Release|Any CPU.ActiveCfg = Release|Any CPU
		{951A107B-C497-35F2-5017-FCCEF9C1B352}.Release|Any CPU.Build.0 = Release|Any CPU
	EndGlobalSection
	GlobalSection(SolutionProperties) = preSolution
		HideSolutionNode = FALSE
	EndGlobalSection
	GlobalSection(ExtensibilityGlobals) = postSolution
		SolutionGuid = {CFBF818E-E30C-45B3-B5D8-2F6FD912EC3F}
	EndGlobalSection
EndGlobal
